
Microsoft Visual Studio Solution File, Format Version 12.00
# Visual Studio Version 17
VisualStudioVersion = 17.2.32616.157
MinimumVisualStudioVersion = 10.0.40219.1
Project("{FAE04EC0-301F-11D3-BF4B-00C04F79EFBC}") = "BlogProject.Entities", "blogSite.Entities\BlogProject.Entities.csproj", "{80B622DB-1907-4378-912D-3E0A6461014D}"
EndProject
Project("{FAE04EC0-301F-11D3-BF4B-00C04F79EFBC}") = "BlogProject.Business", "blogSite.Business\BlogProject.Business.csproj", "{984BBB16-59F8-445E-BED8-1DCE5D545247}"
EndProject
Project("{FAE04EC0-301F-11D3-BF4B-00C04F79EFBC}") = "BlogProject.DataAccess", "blogSite.DataAccess\BlogProject.DataAccess.csproj", "{D9602809-CF49-4D73-A199-22863299521B}"
EndProject
Global
	GlobalSection(SolutionConfigurationPlatforms) = preSolution
		Debug|Any CPU = Debug|Any CPU
		Release|Any CPU = Release|Any CPU
	EndGlobalSection
	GlobalSection(ProjectConfigurationPlatforms) = postSolution
		{80B622DB-1907-4378-912D-3E0A6461014D}.Debug|Any CPU.ActiveCfg = Debug|Any CPU
		{80B622DB-1907-4378-912D-3E0A6461014D}.Debug|Any CPU.Build.0 = Debug|Any CPU
		{80B622DB-1907-4378-912D-3E0A6461014D}.Release|Any CPU.ActiveCfg = Release|Any CPU
		{80B622DB-1907-4378-912D-3E0A6461014D}.Release|Any CPU.Build.0 = Release|Any CPU
		{984BBB16-59F8-445E-BED8-1DCE5D545247}.Debug|Any CPU.ActiveCfg = Debug|Any CPU
		{984BBB16-59F8-445E-BED8-1DCE5D545247}.Debug|Any CPU.Build.0 = Debug|Any CPU
		{984BBB16-59F8-445E-BED8-1DCE5D545247}.Release|Any CPU.ActiveCfg = Release|Any CPU
		{984BBB16-59F8-445E-BED8-1DCE5D545247}.Release|Any CPU.Build.0 = Release|Any CPU
		{D9602809-CF49-4D73-A199-22863299521B}.Debug|Any CPU.ActiveCfg = Debug|Any CPU
		{D9602809-CF49-4D73-A199-22863299521B}.Debug|Any CPU.Build.0 = Debug|Any CPU
		{D9602809-CF49-4D73-A199-22863299521B}.Release|Any CPU.ActiveCfg = Release|Any CPU
		{D9602809-CF49-4D73-A199-22863299521B}.Release|Any CPU.Build.0 = Release|Any CPU
	EndGlobalSection
	GlobalSection(SolutionProperties) = preSolution
		HideSolutionNode = FALSE
	EndGlobalSection
	GlobalSection(ExtensibilityGlobals) = postSolution
		SolutionGuid = {319D6BEF-4B92-4CA8-BE12-0B687068F3A9}
	EndGlobalSection
EndGlobal
